
Microsoft Visual Studio Solution File, Format Version 12.00
# Visual Studio Version 16
VisualStudioVersion = 16.0.29521.150
MinimumVisualStudioVersion = 10.0.40219.1
Project("{9A19103F-16F7-4668-BE54-9A1E7A4F7556}") = "TestALM", "TestALM\TestALM.csproj", "{C3835A4F-086D-409E-953A-9FE0AC54AB28}"
EndProject
Project("{9A19103F-16F7-4668-BE54-9A1E7A4F7556}") = "Celin.ALM", "Celin.ALM\Celin.ALM.csproj", "{B49A0629-CBF5-49AD-83D5-573EF811B243}"
EndProject
Project("{9A19103F-16F7-4668-BE54-9A1E7A4F7556}") = "CelinALM", "CelinALM\CelinALM.csproj", "{654BB1B0-C631-4D1D-BAE6-15D102AB2D7C}"
EndProject
Project("{9A19103F-16F7-4668-BE54-9A1E7A4F7556}") = "LocationClient", "LocationClient\LocationClient.csproj", "{6C67C473-B276-4BF6-804C-D5393BC3B2E9}"
EndProject
Project("{FAE04EC0-301F-11D3-BF4B-00C04F79EFBC}") = "LocationServer", "LocationServer\LocationServer.csproj", "{A935B763-F5C6-4B00-96E1-66F5F3138B9B}"
EndProject
Global
	GlobalSection(SolutionConfigurationPlatforms) = preSolution
		Debug|Any CPU = Debug|Any CPU
		Release|Any CPU = Release|Any CPU
	EndGlobalSection
	GlobalSection(ProjectConfigurationPlatforms) = postSolution
		{C3835A4F-086D-409E-953A-9FE0AC54AB28}.Debug|Any CPU.ActiveCfg = Debug|Any CPU
		{C3835A4F-086D-409E-953A-9FE0AC54AB28}.Debug|Any CPU.Build.0 = Debug|Any CPU
		{C3835A4F-086D-409E-953A-9FE0AC54AB28}.Release|Any CPU.ActiveCfg = Release|Any CPU
		{C3835A4F-086D-409E-953A-9FE0AC54AB28}.Release|Any CPU.Build.0 = Release|Any CPU
		{B49A0629-CBF5-49AD-83D5-573EF811B243}.Debug|Any CPU.ActiveCfg = Debug|Any CPU
		{B49A0629-CBF5-49AD-83D5-573EF811B243}.Debug|Any CPU.Build.0 = Debug|Any CPU
		{B49A0629-CBF5-49AD-83D5-573EF811B243}.Release|Any CPU.ActiveCfg = Release|Any CPU
		{B49A0629-CBF5-49AD-83D5-573EF811B243}.Release|Any CPU.Build.0 = Release|Any CPU
		{654BB1B0-C631-4D1D-BAE6-15D102AB2D7C}.Debug|Any CPU.ActiveCfg = Debug|Any CPU
		{654BB1B0-C631-4D1D-BAE6-15D102AB2D7C}.Debug|Any CPU.Build.0 = Debug|Any CPU
		{654BB1B0-C631-4D1D-BAE6-15D102AB2D7C}.Release|Any CPU.ActiveCfg = Release|Any CPU
		{654BB1B0-C631-4D1D-BAE6-15D102AB2D7C}.Release|Any CPU.Build.0 = Release|Any CPU
		{6C67C473-B276-4BF6-804C-D5393BC3B2E9}.Debug|Any CPU.ActiveCfg = Debug|Any CPU
		{6C67C473-B276-4BF6-804C-D5393BC3B2E9}.Debug|Any CPU.Build.0 = Debug|Any CPU
		{6C67C473-B276-4BF6-804C-D5393BC3B2E9}.Release|Any CPU.ActiveCfg = Release|Any CPU
		{6C67C473-B276-4BF6-804C-D5393BC3B2E9}.Release|Any CPU.Build.0 = Release|Any CPU
		{A935B763-F5C6-4B00-96E1-66F5F3138B9B}.Debug|Any CPU.ActiveCfg = Debug|Any CPU
		{A935B763-F5C6-4B00-96E1-66F5F3138B9B}.Debug|Any CPU.Build.0 = Debug|Any CPU
		{A935B763-F5C6-4B00-96E1-66F5F3138B9B}.Release|Any CPU.ActiveCfg = Release|Any CPU
		{A935B763-F5C6-4B00-96E1-66F5F3138B9B}.Release|Any CPU.Build.0 = Release|Any CPU
	EndGlobalSection
	GlobalSection(SolutionProperties) = preSolution
		HideSolutionNode = FALSE
	EndGlobalSection
	GlobalSection(ExtensibilityGlobals) = postSolution
		SolutionGuid = {CF5FA4EF-6BE2-4BFF-B7CA-B85CD7D1E091}
	EndGlobalSection
EndGlobal
